{
  "R": {
    "Version": "4.1.3",
    "Repositories": [
      {
        "Name": "CRAN",
        "URL": "https://mirror.las.iastate.edu/CRAN"
      },
      {
        "Name": "rlib",
        "URL": "https://r-lib.r-universe.dev"
      },
      {
        "Name": "ropensci",
        "URL": "https://ropensci.r-universe.dev"
      },
      {
        "Name": "yihui",
        "URL": "https://yihui.r-universe.dev"
      }
    ]
  },
  "Packages": {
    "AsioHeaders": {
      "Package": "AsioHeaders",
      "Version": "1.16.1-1",
      "Source": "Repository",
      "Repository": "CRAN",
      "Hash": "9305444d113b052089eba3694047d42d",
      "Requirements": []
    },
    "MASS": {
      "Package": "MASS",
      "Version": "7.3-55",
      "Source": "Repository",
      "Repository": "CRAN",
      "Hash": "c5232ffb549f6d7a04a152c34ca1353d",
      "Requirements": []
    },
    "Matrix": {
      "Package": "Matrix",
      "Version": "1.4-0",
      "Source": "Repository",
      "Repository": "CRAN",
      "Hash": "130c0caba175739d98f2963c6a407cf6",
      "Requirements": []
    },
    "R6": {
      "Package": "R6",
      "Version": "2.5.1.9000",
      "Source": "Repository",
      "Repository": "https://r-lib.r-universe.dev",
      "RemoteUrl": "https://github.com/r-lib/r6",
      "RemoteRef": "HEAD",
      "RemoteSha": "97d1c35d1d091f5ad79d88c55dc97a80dc3ca779",
      "Hash": "36ee2839d40fa9a386a375d975d217b1",
      "Requirements": []
    },
    "RColorBrewer": {
      "Package": "RColorBrewer",
      "Version": "1.1-2",
      "Source": "Repository",
      "Repository": "CRAN",
      "Hash": "e031418365a7f7a766181ab5a41a5716",
      "Requirements": []
    },
    "Rcpp": {
      "Package": "Rcpp",
      "Version": "1.0.8.3",
      "Source": "Repository",
      "Repository": "CRAN",
      "Hash": "32e79b908fda56ee57fe518a8d37b864",
      "Requirements": []
    },
    "TTR": {
      "Package": "TTR",
      "Version": "0.24.3",
      "Source": "Repository",
      "Repository": "CRAN",
      "Hash": "c553a7be22ec50faaebee27be54a1313",
      "Requirements": []
    },
    "XML": {
      "Package": "XML",
      "Version": "3.99-0.9",
      "Source": "Repository",
      "Repository": "CRAN",
      "Hash": "6e75b3884423e21eda89b424a98e091d",
      "Requirements": []
    },
    "askpass": {
      "Package": "askpass",
      "Version": "1.1",
      "Source": "Repository",
      "Repository": "CRAN",
      "Hash": "e8a22846fff485f0be3770c2da758713",
      "Requirements": []
    },
    "assertthat": {
      "Package": "assertthat",
      "Version": "0.2.1",
      "Source": "Repository",
      "Repository": "CRAN",
      "Hash": "50c838a310445e954bc13f26f26a6ecf",
      "Requirements": []
    },
    "backports": {
      "Package": "backports",
      "Version": "1.4.1",
      "Source": "Repository",
      "Repository": "CRAN",
      "Hash": "c39fbec8a30d23e721980b8afb31984c",
      "Requirements": []
    },
    "base64enc": {
      "Package": "base64enc",
      "Version": "0.1-3",
      "Source": "Repository",
      "Repository": "CRAN",
      "Hash": "543776ae6848fde2f48ff3816d0628bc",
      "Requirements": []
    },
    "bit": {
      "Package": "bit",
      "Version": "4.0.4",
      "Source": "Repository",
      "Repository": "CRAN",
      "Hash": "f36715f14d94678eea9933af927bc15d",
      "Requirements": []
    },
    "bit64": {
      "Package": "bit64",
      "Version": "4.0.5",
      "Source": "Repository",
      "Repository": "CRAN",
      "Hash": "9fe98599ca456d6552421db0d6772d8f",
      "Requirements": []
    },
    "bitops": {
      "Package": "bitops",
      "Version": "1.0-7",
      "Source": "Repository",
      "Repository": "CRAN",
      "Hash": "b7d8d8ee39869c18d8846a184dd8a1af",
      "Requirements": []
    },
    "blogdown": {
      "Package": "blogdown",
      "Version": "1.8",
      "Source": "Repository",
      "Repository": "CRAN",
      "Hash": "9c77de7db6cbafdffc6445f873f4e835",
      "Requirements": []
    },
    "bookdown": {
      "Package": "bookdown",
      "Version": "0.25",
      "Source": "Repository",
      "Repository": "CRAN",
      "Hash": "6bbce515702d8d2f9a36b385bc629eb1",
      "Requirements": []
    },
    "brew": {
      "Package": "brew",
      "Version": "1.0-7",
      "Source": "Repository",
      "Repository": "CRAN",
      "Hash": "38875ea52350ff4b4c03849fc69736c8",
      "Requirements": []
    },
    "brio": {
      "Package": "brio",
      "Version": "1.1.3.9000",
      "Source": "Repository",
      "Repository": "https://r-lib.r-universe.dev",
      "RemoteType": "repository",
      "RemoteUrl": "https://github.com/r-lib/brio",
      "RemoteRef": "HEAD",
      "RemoteSha": "97147a7496a7284dcbb45d199165adff1dab24c4",
      "Hash": "fa0f7c3dc4aa77f9ab69e8f1ceda315b",
      "Requirements": []
    },
    "broom": {
      "Package": "broom",
      "Version": "0.7.12",
      "Source": "Repository",
      "Repository": "CRAN",
      "Hash": "bfa8a039d77ae8d5413254e572c8abea",
      "Requirements": []
    },
    "bslib": {
      "Package": "bslib",
      "Version": "0.3.1",
      "Source": "Repository",
      "Repository": "CRAN",
      "Hash": "56ae7e1987b340186a8a5a157c2ec358",
      "Requirements": []
    },
    "bwu": {
      "Package": "bwu",
      "Version": "0.2.7.9000",
      "Source": "GitHub",
      "RemoteType": "github",
      "RemoteHost": "api.github.com",
      "RemoteUsername": "brainworkup",
      "RemoteRepo": "bwu",
      "RemoteRef": "main",
      "RemoteSha": "aa246b14309a3392010b58141c82372ae1436b71",
      "Requirements": []
    },
    "cachem": {
      "Package": "cachem",
      "Version": "1.0.6.9000",
      "Source": "Repository",
      "Repository": "https://r-lib.r-universe.dev",
      "RemoteType": "repository",
      "RemoteUrl": "https://github.com/r-lib/cachem",
      "RemoteRef": "HEAD",
      "RemoteSha": "f5ea146ca79eeb1dc806b1ba7039ff867e5b4bca",
      "Hash": "f486f92af68e11b1f2eb345c7a9aaee6",
      "Requirements": []
    },
    "callr": {
      "Package": "callr",
      "Version": "3.7.0.9000",
      "Source": "Repository",
      "Repository": "https://r-lib.r-universe.dev",
      "RemoteUrl": "https://github.com/r-lib/callr",
      "RemoteRef": "HEAD",
      "RemoteSha": "a555c7895b36084cd4646adc55bc228954be51a4",
      "Hash": "d22ca8fc5e866d78127e64bbb9bf82cb",
      "Requirements": []
    },
    "checkmate": {
      "Package": "checkmate",
      "Version": "2.0.0",
      "Source": "Repository",
      "Repository": "CRAN",
      "Hash": "a667800d5f0350371bedeb8b8b950289",
      "Requirements": []
    },
    "cli": {
      "Package": "cli",
      "Version": "3.2.0.9000",
      "Source": "Repository",
      "Repository": "https://r-lib.r-universe.dev",
      "RemoteUrl": "https://github.com/r-lib/cli",
      "RemoteRef": "HEAD",
      "RemoteSha": "476cf06e7cc59d0d6225d9783b49247e132e1041",
      "Hash": "73bedf8e143a508821bb7ce44cc65f9f",
      "Requirements": []
    },
    "clipr": {
      "Package": "clipr",
      "Version": "0.8.0",
      "Source": "Repository",
      "Repository": "CRAN",
      "Hash": "3f038e5ac7f41d4ac41ce658c85e3042",
      "Requirements": []
    },
    "colorspace": {
      "Package": "colorspace",
      "Version": "2.0-3",
      "Source": "Repository",
      "Repository": "CRAN",
      "RemoteType": "repository",
      "RemoteUrl": "https://github.com/r-forge/colorspace",
      "RemoteRef": "HEAD",
      "RemoteSha": "cab082eaecba065a5d9ef5d12750278961ca3f92",
      "Hash": "7101b2306744a25b7f1ac80e475ac825",
      "Requirements": []
    },
    "commonmark": {
      "Package": "commonmark",
      "Version": "1.8.0",
      "Source": "Repository",
      "Repository": "CRAN",
      "Hash": "2ba81b120c1655ab696c935ef33ea716",
      "Requirements": []
    },
    "covr": {
      "Package": "covr",
      "Version": "3.5.1.9003",
      "Source": "Repository",
      "Repository": "https://r-lib.r-universe.dev",
      "RemoteType": "repository",
      "RemoteUrl": "https://github.com/r-lib/covr",
      "RemoteRef": "HEAD",
      "RemoteSha": "22ff6ae236c20810c1434caec3d31936147921f4",
      "Hash": "87683226fa87111d58396817d35df468",
      "Requirements": []
    },
    "cpp11": {
      "Package": "cpp11",
      "Version": "0.4.2.9000",
      "Source": "Repository",
      "Repository": "https://r-lib.r-universe.dev",
      "RemoteType": "repository",
      "RemoteUrl": "https://github.com/r-lib/cpp11",
      "RemoteRef": "HEAD",
      "RemoteSha": "322e5ee67346926993cc6f464152802118250b78",
      "Hash": "0f8e4f41abbc82dea166f1560f935647",
      "Requirements": []
    },
    "crayon": {
      "Package": "crayon",
      "Version": "1.5.0.9000",
      "Source": "Repository",
      "Repository": "https://r-lib.r-universe.dev",
      "RemoteType": "repository",
      "RemoteUrl": "https://github.com/r-lib/crayon",
      "RemoteRef": "HEAD",
      "RemoteSha": "f12019cef22ae15c291da917e7fcb6411878ed8f",
      "Hash": "c730f0a7e47b8608a733988334a33a96",
      "Requirements": []
    },
    "credentials": {
      "Package": "credentials",
      "Version": "1.3.2",
      "Source": "Repository",
      "Repository": "CRAN",
      "Hash": "93762d0a34d78e6a025efdbfb5c6bb41",
      "Requirements": []
    },
    "curl": {
      "Package": "curl",
      "Version": "4.3.2",
      "Source": "Repository",
      "Repository": "CRAN",
      "Hash": "022c42d49c28e95d69ca60446dbabf88",
      "Requirements": []
    },
    "data.table": {
      "Package": "data.table",
      "Version": "1.14.2",
      "Source": "Repository",
      "Repository": "CRAN",
      "Hash": "36b67b5adf57b292923f5659f5f0c853",
      "Requirements": []
    },
    "desc": {
      "Package": "desc",
      "Version": "1.4.1.9000",
      "Source": "Repository",
      "Repository": "https://r-lib.r-universe.dev",
      "RemoteType": "repository",
      "RemoteUrl": "https://github.com/r-lib/desc",
      "RemoteRef": "HEAD",
      "RemoteSha": "38f5b3a3d4de05a73221c92011b99b4c6bb3e2a4",
      "Hash": "08564fb33ecc1f34f6b68920ebcfd78d",
      "Requirements": []
    },
    "diffobj": {
      "Package": "diffobj",
      "Version": "0.3.5",
      "Source": "Repository",
      "Repository": "CRAN",
      "Hash": "bcaa8b95f8d7d01a5dedfd959ce88ab8",
      "Requirements": []
    },
    "digest": {
      "Package": "digest",
      "Version": "0.6.29",
      "Source": "Repository",
      "Repository": "CRAN",
      "Hash": "cf6b206a045a684728c3267ef7596190",
      "Requirements": []
    },
    "downlit": {
      "Package": "downlit",
      "Version": "0.4.0.9000",
      "Source": "Repository",
      "Repository": "https://r-lib.r-universe.dev",
      "RemoteType": "repository",
      "RemoteUrl": "https://github.com/r-lib/downlit",
      "RemoteRef": "HEAD",
      "RemoteSha": "4011b2f470750dc51a8001eaa739dbcff257ffb1",
      "Hash": "92da61eb2ff8a84deb07df266ffc6828",
      "Requirements": []
    },
    "dplyr": {
      "Package": "dplyr",
      "Version": "1.0.8",
      "Source": "Repository",
      "Repository": "CRAN",
      "Hash": "ef47665e64228a17609d6df877bf86f2",
      "Requirements": []
    },
    "ellipsis": {
      "Package": "ellipsis",
      "Version": "0.3.2.9000",
      "Source": "Repository",
      "Repository": "https://r-lib.r-universe.dev",
      "RemoteUrl": "https://github.com/r-lib/ellipsis",
      "RemoteRef": "HEAD",
      "RemoteSha": "55fe5b861529bad3e9fe93650b48064cb2345c50",
      "Hash": "a5d577229b7664db7ff3dba0ec940e05",
      "Requirements": []
    },
    "evaluate": {
      "Package": "evaluate",
      "Version": "0.15.1",
      "Source": "Repository",
      "Repository": "https://r-lib.r-universe.dev",
      "RemoteUrl": "https://github.com/r-lib/evaluate",
      "RemoteRef": "HEAD",
      "RemoteSha": "5e5ace69a1102a33d655934702ffb0e144d68670",
      "Hash": "54f8e79071dfca6c51bfd6b2600df917",
      "Requirements": []
    },
    "fansi": {
      "Package": "fansi",
      "Version": "1.0.2",
      "Source": "Repository",
      "Repository": "CRAN",
      "Hash": "f28149c2d7a1342a834b314e95e67260",
      "Requirements": []
    },
    "farver": {
      "Package": "farver",
      "Version": "2.1.0",
      "Source": "Repository",
      "Repository": "CRAN",
      "Hash": "c98eb5133d9cb9e1622b8691487f11bb",
      "Requirements": []
    },
    "fastmap": {
      "Package": "fastmap",
      "Version": "1.1.0.9000",
      "Source": "Repository",
      "Repository": "https://r-lib.r-universe.dev",
      "RemoteUrl": "https://github.com/r-lib/fastmap",
      "RemoteRef": "HEAD",
      "RemoteSha": "d2722e7a285893e07a8df996cb070ac568469de0",
      "Hash": "370a9db7846ce69052fe6f8b8767b40f",
      "Requirements": []
    },
    "fontawesome": {
      "Package": "fontawesome",
      "Version": "0.2.2",
      "Source": "Repository",
      "Repository": "CRAN",
      "Hash": "55624ed409e46c5f358b2c060be87f67",
      "Requirements": []
    },
    "forcats": {
      "Package": "forcats",
      "Version": "0.5.1",
      "Source": "Repository",
      "Repository": "CRAN",
      "Hash": "81c3244cab67468aac4c60550832655d",
      "Requirements": []
    },
    "fs": {
      "Package": "fs",
      "Version": "1.5.2.9000",
      "Source": "Repository",
      "Repository": "https://r-lib.r-universe.dev",
      "RemoteUrl": "https://github.com/r-lib/fs",
      "RemoteRef": "HEAD",
      "RemoteSha": "78289c8f6bae8a725f507d70040be66782459418",
      "Hash": "ff7928af56e4d23f62947293eaea74fb",
      "Requirements": []
    },
    "generics": {
      "Package": "generics",
      "Version": "0.1.2.9000",
      "Source": "Repository",
      "Repository": "https://r-lib.r-universe.dev",
      "RemoteType": "repository",
      "RemoteUrl": "https://github.com/r-lib/generics",
      "RemoteRef": "HEAD",
      "RemoteSha": "10fcdf1f8f96697a792d36d938d818b32ae95954",
      "Hash": "88e5ebcc1feaa6877fd2038ceba374b2",
      "Requirements": []
    },
    "gert": {
      "Package": "gert",
      "Version": "1.5.9000",
      "Source": "Repository",
      "Repository": "https://r-lib.r-universe.dev",
      "RemoteType": "repository",
      "RemoteUrl": "https://github.com/r-lib/gert",
      "RemoteRef": "main",
      "RemoteSha": "7d1a9a1b54851225dd8ec431c8e0d4d667a55ce9",
      "Hash": "7ab13bf541e8b74ba91482e000d8f190",
      "Requirements": []
    },
    "ggplot2": {
      "Package": "ggplot2",
      "Version": "3.3.5",
      "Source": "Repository",
      "Repository": "CRAN",
      "Hash": "d7566c471c7b17e095dd023b9ef155ad",
      "Requirements": []
    },
    "ggthemes": {
      "Package": "ggthemes",
      "Version": "4.2.4",
      "Source": "Repository",
      "Repository": "CRAN",
      "Hash": "617fb2c300f68e8b1ba21043fba88fd7",
      "Requirements": []
    },
    "gh": {
      "Package": "gh",
      "Version": "1.3.0.9000",
      "Source": "Repository",
      "Repository": "https://r-lib.r-universe.dev",
      "RemoteType": "repository",
      "RemoteUrl": "https://github.com/r-lib/gh",
      "RemoteRef": "HEAD",
      "RemoteSha": "60584fffb31c6e6e346423eba5d9d9098debd8a9",
      "Hash": "74ef65b5117fd6bd784d30913915406d",
      "Requirements": []
    },
    "gitcreds": {
      "Package": "gitcreds",
      "Version": "0.1.1.9000",
      "Source": "Repository",
      "Repository": "https://r-lib.r-universe.dev",
      "Remotes": "r-lib/oskeyring",
      "RemoteUrl": "https://github.com/r-lib/gitcreds",
      "RemoteRef": "HEAD",
      "RemoteSha": "7fa2031549d8b52721d06db80e164e5f2559c274",
      "Hash": "5d0c0becb102a27e90453da9ff87a91d",
      "Requirements": []
    },
    "glue": {
      "Package": "glue",
      "Version": "1.6.2",
      "Source": "Repository",
      "Repository": "CRAN",
      "Hash": "4f2596dfb05dac67b9dc558e5c6fba2e",
      "Requirements": []
    },
    "gt": {
      "Package": "gt",
      "Version": "0.4.0",
      "Source": "Repository",
      "Repository": "CRAN",
      "Hash": "4905765870343c66704c9e495e4e3bc0",
      "Requirements": []
    },
    "gtable": {
      "Package": "gtable",
      "Version": "0.3.0.9000",
      "Source": "Repository",
      "Repository": "https://r-lib.r-universe.dev",
      "RemoteType": "repository",
      "RemoteUrl": "https://github.com/r-lib/gtable",
      "RemoteRef": "HEAD",
      "RemoteSha": "a0bd2721a0a31c8b4391b84aabe98f8c85881140",
      "Hash": "bf10d3d5dbd39e98e85d21f8dae61581",
      "Requirements": []
    },
    "hablar": {
      "Package": "hablar",
      "Version": "0.3.0",
      "Source": "Repository",
      "Repository": "CRAN",
      "Hash": "58ca0f8fff30f57b9ec11fecf673f8ac",
      "Requirements": []
    },
    "here": {
      "Package": "here",
      "Version": "1.0.1.9000",
      "Source": "Repository",
      "Repository": "https://r-lib.r-universe.dev",
      "RemoteType": "repository",
      "RemoteUrl": "https://github.com/r-lib/here",
      "RemoteRef": "HEAD",
      "RemoteSha": "a5dbffab681f12a86ed13d7756d15581d3fec936",
      "Hash": "bc89d93674a239f29089b6908e53ec15",
      "Requirements": []
    },
    "highcharter": {
      "Package": "highcharter",
      "Version": "0.9.4",
      "Source": "Repository",
      "Repository": "CRAN",
      "Hash": "e9851999ff5a7d33d6b17a68b2cb7f59",
      "Requirements": []
    },
    "highr": {
      "Package": "highr",
      "Version": "0.9.1",
      "Source": "Repository",
      "Repository": "https://yihui.r-universe.dev",
      "RemoteUrl": "https://github.com/yihui/highr",
      "RemoteRef": "HEAD",
      "RemoteSha": "bb7bf6b356d4918e3b8da7372d7921ce9b761109",
      "Hash": "322fcf4e920691cc2c2854e6c493f12a",
      "Requirements": []
    },
    "hms": {
      "Package": "hms",
      "Version": "1.1.1",
      "Source": "Repository",
      "Repository": "CRAN",
      "Hash": "5b8a2dd0fdbe2ab4f6081e6c7be6dfca",
      "Requirements": []
    },
    "htmltools": {
      "Package": "htmltools",
      "Version": "0.5.2",
      "Source": "Repository",
      "Repository": "CRAN",
      "Hash": "526c484233f42522278ab06fb185cb26",
      "Requirements": []
    },
    "htmlwidgets": {
      "Package": "htmlwidgets",
      "Version": "1.5.4",
      "Source": "Repository",
      "Repository": "CRAN",
      "Hash": "76147821cd3fcd8c4b04e1ef0498e7fb",
      "Requirements": []
    },
    "httpuv": {
      "Package": "httpuv",
      "Version": "1.6.5",
      "Source": "Repository",
      "Repository": "CRAN",
      "Hash": "97fe71f0a4a1c9890e6c2128afa04bc0",
      "Requirements": []
    },
    "httr": {
      "Package": "httr",
      "Version": "1.4.2.9000",
      "Source": "Repository",
      "Repository": "https://r-lib.r-universe.dev",
      "RemoteType": "repository",
      "RemoteUrl": "https://github.com/r-lib/httr",
      "RemoteRef": "HEAD",
      "RemoteSha": "21ff69f219ad11298854a63b8f753389088cf382",
      "Hash": "287e204633b5ff1a4f05d311e3faae53",
      "Requirements": []
    },
    "hunspell": {
      "Package": "hunspell",
      "Version": "3.0.2",
      "Source": "Repository",
      "Repository": "https://ropensci.r-universe.dev",
      "RemoteType": "repository",
      "RemoteUrl": "https://github.com/ropensci/hunspell",
      "RemoteRef": "master",
      "RemoteSha": "437ea822dc8aab9a2b7bfb1b031ca76a5b8a152d",
      "Hash": "96cb38ec42374dcabdb541b64c1611e5",
      "Requirements": []
    },
    "igraph": {
      "Package": "igraph",
      "Version": "1.2.11",
      "Source": "Repository",
      "Repository": "CRAN",
      "Hash": "1d10cd31c2979f9c819ffe4d16b9dc2b",
      "Requirements": []
    },
    "ini": {
      "Package": "ini",
      "Version": "0.3.1",
      "Source": "Repository",
      "Repository": "CRAN",
      "Hash": "6154ec2223172bce8162d4153cda21f7",
      "Requirements": []
    },
    "isoband": {
      "Package": "isoband",
      "Version": "0.2.5",
      "Source": "Repository",
      "Repository": "CRAN",
      "Hash": "7ab57a6de7f48a8dc84910d1eca42883",
      "Requirements": []
    },
    "jquerylib": {
      "Package": "jquerylib",
      "Version": "0.1.4",
      "Source": "Repository",
      "Repository": "CRAN",
      "Hash": "5aab57a3bd297eee1c1d862735972182",
      "Requirements": []
    },
    "jsonlite": {
      "Package": "jsonlite",
      "Version": "1.8.0",
      "Source": "Repository",
      "Repository": "CRAN",
      "Hash": "d07e729b27b372429d42d24d503613a0",
      "Requirements": []
    },
    "kableExtra": {
      "Package": "kableExtra",
      "Version": "1.3.4",
      "Source": "Repository",
      "Repository": "CRAN",
      "Hash": "49b625e6aabe4c5f091f5850aba8ff78",
      "Requirements": []
    },
    "knitr": {
      "Package": "knitr",
      "Version": "1.37.7",
      "Source": "Repository",
      "Repository": "https://yihui.r-universe.dev",
      "RemoteUrl": "https://github.com/yihui/knitr",
      "RemoteRef": "HEAD",
      "RemoteSha": "fb54231ef9b47a2821cde7ad410aba927c3961d0",
      "Hash": "b595a65d924c4364531d8d072fcebc6a",
      "Requirements": []
    },
    "labeling": {
      "Package": "labeling",
      "Version": "0.4.2",
      "Source": "Repository",
      "Repository": "CRAN",
      "Hash": "3d5108641f47470611a32d0bdf357a72",
      "Requirements": []
    },
    "later": {
      "Package": "later",
      "Version": "1.3.0.9000",
      "Source": "Repository",
      "Repository": "https://r-lib.r-universe.dev",
      "RemoteType": "repository",
      "RemoteUrl": "https://github.com/r-lib/later",
      "RemoteRef": "HEAD",
      "RemoteSha": "1d1b6a61444ee7c2072f9127266ea829e73a2b15",
      "Hash": "842d9a6fd05471b8ee3f62598bc63ade",
      "Requirements": []
    },
    "lattice": {
      "Package": "lattice",
      "Version": "0.20-45",
      "Source": "Repository",
      "Repository": "CRAN",
      "Hash": "b64cdbb2b340437c4ee047a1f4c4377b",
      "Requirements": []
    },
    "lifecycle": {
      "Package": "lifecycle",
      "Version": "1.0.1.9000",
      "Source": "Repository",
      "Repository": "https://r-lib.r-universe.dev",
      "RemoteUrl": "https://github.com/r-lib/lifecycle",
      "RemoteRef": "HEAD",
      "RemoteSha": "5e11675148a58af68fda4588cf933c655daff62c",
      "Hash": "f6d0c9705ea155f0404067c6ad5fc0fe",
      "Requirements": []
    },
    "lubridate": {
      "Package": "lubridate",
      "Version": "1.8.0",
      "Source": "Repository",
      "Repository": "CRAN",
      "Hash": "2ff5eedb6ee38fb1b81205c73be1be5a",
      "Requirements": []
    },
    "magrittr": {
      "Package": "magrittr",
      "Version": "2.0.2",
      "Source": "Repository",
      "Repository": "CRAN",
      "Hash": "cdc87ecd81934679d1557633d8e1fe51",
      "Requirements": []
    },
    "memoise": {
      "Package": "memoise",
      "Version": "2.0.1.9000",
      "Source": "Repository",
      "Repository": "https://r-lib.r-universe.dev",
      "RemoteType": "repository",
      "RemoteUrl": "https://github.com/r-lib/memoise",
      "RemoteRef": "HEAD",
      "RemoteSha": "3b0bf3e5fd9239c1dbde5fb2534d61ae5c6c8acf",
      "Hash": "4407d240bfb3d41959c12e8cd8a0bd92",
      "Requirements": []
    },
    "mgcv": {
      "Package": "mgcv",
      "Version": "1.8-39",
      "Source": "Repository",
      "Repository": "CRAN",
      "Hash": "055265005c238024e306fe0b600c89ff",
      "Requirements": []
    },
    "mime": {
      "Package": "mime",
      "Version": "0.12.1",
      "Source": "Repository",
      "Repository": "https://yihui.r-universe.dev",
      "RemoteType": "repository",
      "RemoteUrl": "https://github.com/yihui/mime",
      "RemoteRef": "HEAD",
      "RemoteSha": "8773e2b13cf03e3e8a00df774c9a5d7cb3a4de21",
      "Hash": "3135c530fccff54de4fc516053fa5a2f",
      "Requirements": []
    },
    "miniUI": {
      "Package": "miniUI",
      "Version": "0.1.1.1",
      "Source": "Repository",
      "Repository": "CRAN",
      "Hash": "fec5f52652d60615fdb3957b3d74324a",
      "Requirements": []
    },
    "munsell": {
      "Package": "munsell",
      "Version": "0.5.0",
      "Source": "Repository",
      "Repository": "CRAN",
      "Hash": "6dfe8bf774944bd5595785e3229d8771",
      "Requirements": []
    },
    "nlme": {
      "Package": "nlme",
      "Version": "3.1-155",
      "Source": "Repository",
      "Repository": "CRAN",
      "Hash": "74ad940dccc9e977189a5afe5fcdb7ba",
      "Requirements": []
    },
    "openssl": {
      "Package": "openssl",
      "Version": "2.0.0",
      "Source": "Repository",
      "Repository": "CRAN",
      "Hash": "cf4329aac12c2c44089974559c18e446",
      "Requirements": []
    },
    "pagedown": {
      "Package": "pagedown",
      "Version": "0.17",
      "Source": "Repository",
      "Repository": "CRAN",
      "Hash": "64864f5eca05ea2fc93e39dc22bc2cec",
      "Requirements": []
    },
    "pillar": {
      "Package": "pillar",
      "Version": "1.7.0.9000",
      "Source": "Repository",
      "Repository": "https://r-lib.r-universe.dev",
      "RemoteType": "repository",
      "RemoteUrl": "https://github.com/r-lib/pillar",
      "RemoteRef": "HEAD",
      "RemoteSha": "fdbb99865688cbe49cf654213f734a589df4cdc4",
      "Hash": "5ad989009d46834af534352478518e34",
      "Requirements": []
    },
    "pkgconfig": {
      "Package": "pkgconfig",
      "Version": "2.0.3",
      "Source": "Repository",
      "Repository": "CRAN",
      "Hash": "01f28d4278f15c76cddbea05899c5d6f",
      "Requirements": []
    },
    "pkgdown": {
      "Package": "pkgdown",
      "Version": "2.0.2.9000",
      "Source": "Repository",
      "Repository": "https://r-lib.r-universe.dev",
      "RemoteType": "repository",
      "RemoteUrl": "https://github.com/r-lib/pkgdown",
      "RemoteRef": "HEAD",
      "RemoteSha": "25a1ab2d04c2b8251214b5189fa6735896468cd7",
      "Hash": "4ea0468bd47061fad0335e41939d244a",
      "Requirements": []
    },
    "pkgload": {
      "Package": "pkgload",
      "Version": "1.2.4.9000",
      "Source": "Repository",
      "Repository": "https://r-lib.r-universe.dev",
      "RemoteType": "repository",
      "Remotes": "r-lib/rlang",
      "RemoteUrl": "https://github.com/r-lib/pkgload",
      "RemoteRef": "HEAD",
      "RemoteSha": "61379fa5dcfdc324e3408bdd7fa8d9ae54292806",
      "Hash": "bcc954c661205fc823d17c9dcb246aeb",
      "Requirements": []
    },
    "png": {
      "Package": "png",
      "Version": "0.1-7",
      "Source": "Repository",
      "Repository": "CRAN",
      "Hash": "03b7076c234cb3331288919983326c55",
      "Requirements": []
    },
    "praise": {
      "Package": "praise",
      "Version": "1.0.0",
      "Source": "Repository",
      "Repository": "CRAN",
      "Hash": "a555924add98c99d2f411e37e7d25e9f",
      "Requirements": []
    },
    "prettyunits": {
      "Package": "prettyunits",
      "Version": "1.1.1.9000",
      "Source": "Repository",
      "Repository": "https://r-lib.r-universe.dev",
      "RemoteType": "repository",
      "RemoteUrl": "https://github.com/r-lib/prettyunits",
      "RemoteRef": "HEAD",
      "RemoteSha": "8706d89c8a9a2e4b90e3311427ddfe8b77654b5f",
      "Hash": "4a0f888a38ab89c3d63807d9a74060aa",
      "Requirements": []
    },
    "processx": {
      "Package": "processx",
      "Version": "3.5.2.9000",
      "Source": "Repository",
      "Repository": "https://r-lib.r-universe.dev",
      "RemoteType": "repository",
      "RemoteUrl": "https://github.com/r-lib/processx",
      "RemoteRef": "HEAD",
      "RemoteSha": "c1a84e2694463205c4a01fef4075fc02cd3ad530",
      "Hash": "62e7fc118fa0fa3f4400cc4a7e817d2a",
      "Requirements": []
    },
    "progress": {
      "Package": "progress",
      "Version": "1.2.2.9000",
      "Source": "Repository",
      "Repository": "https://r-lib.r-universe.dev",
      "RemoteType": "repository",
      "RemoteUrl": "https://github.com/r-lib/progress",
      "RemoteRef": "HEAD",
      "RemoteSha": "a0e51d5d705b5e07e2ebc58596e3d90f6374663a",
      "Hash": "4727a3695a26a73b23915696888ee870",
      "Requirements": []
    },
    "promises": {
      "Package": "promises",
      "Version": "1.2.0.1",
      "Source": "Repository",
      "Repository": "CRAN",
      "Hash": "4ab2c43adb4d4699cf3690acd378d75d",
      "Requirements": []
    },
    "ps": {
      "Package": "ps",
      "Version": "1.6.0.9000",
      "Source": "Repository",
      "Repository": "https://r-lib.r-universe.dev",
      "RemoteType": "repository",
      "RemoteUrl": "https://github.com/r-lib/ps",
      "RemoteRef": "HEAD",
      "RemoteSha": "35f9b1413d6a6ff0b2adbb9fd4ede5059caad8f3",
      "Hash": "b04823e22571b568f556932e54bafb1d",
      "Requirements": []
    },
    "purrr": {
      "Package": "purrr",
      "Version": "0.3.4",
      "Source": "Repository",
      "Repository": "CRAN",
      "Hash": "97def703420c8ab10d8f0e6c72101e02",
      "Requirements": []
    },
    "quantmod": {
      "Package": "quantmod",
      "Version": "0.4.18",
      "Source": "Repository",
      "Repository": "CRAN",
      "Hash": "d9dd45d86b5a23984ed50d5c35724702",
      "Requirements": []
    },
    "rJava": {
      "Package": "rJava",
      "Version": "1.0-6",
      "Source": "Repository",
      "Repository": "CRAN",
      "Hash": "0415819f6baa75d86d52483f7292b623",
      "Requirements": []
    },
    "ragg": {
      "Package": "ragg",
      "Version": "1.2.2.9000",
      "Source": "Repository",
      "Repository": "https://r-lib.r-universe.dev",
      "RemoteType": "repository",
      "RemoteUrl": "https://github.com/r-lib/ragg",
      "RemoteRef": "HEAD",
      "RemoteSha": "e88bebd28c31108373fda1465ae3b87b265858dc",
      "Hash": "5d426d62fed82158a930b300afc69238",
      "Requirements": []
    },
    "rappdirs": {
      "Package": "rappdirs",
      "Version": "0.3.3.9000",
      "Source": "Repository",
      "Repository": "https://r-lib.r-universe.dev",
      "RemoteUrl": "https://github.com/r-lib/rappdirs",
      "RemoteRef": "HEAD",
      "RemoteSha": "212b46397ea0f61983445bb7b5e9ce02f4fa8372",
      "Hash": "2026db29e01048f626c706cf3778abd6",
      "Requirements": []
    },
    "readr": {
      "Package": "readr",
      "Version": "2.1.2",
      "Source": "Repository",
      "Repository": "CRAN",
      "Hash": "9c59de1357dc209868b5feb5c9f0fe2f",
      "Requirements": []
    },
    "rematch2": {
      "Package": "rematch2",
      "Version": "2.1.2.9000",
      "Source": "Repository",
      "Repository": "https://r-lib.r-universe.dev",
      "RemoteType": "repository",
      "RemoteUrl": "https://github.com/r-lib/rematch2",
      "RemoteRef": "HEAD",
      "RemoteSha": "3393a4c85106e127a094cbd3c5818a582afa829e",
      "Hash": "3706c4e4a70f10fb3d72a285e7566bd5",
      "Requirements": []
    },
    "renv": {
      "Package": "renv",
      "Version": "0.15.4-4",
      "Source": "Repository",
      "Repository": "CRAN",
      "Hash": "0b834471972dbee9027686d271b416c5",
      "Requirements": []
    },
    "rex": {
      "Package": "rex",
      "Version": "1.2.1.9000",
      "Source": "Repository",
      "Repository": "https://r-lib.r-universe.dev",
      "RemoteUrl": "https://github.com/r-lib/rex",
      "RemoteRef": "HEAD",
      "RemoteSha": "6f437eb8136ae81bdba5fcefb6913eb4a7182f7f",
      "Hash": "cec8a19d41fc440dab818ffe4582da0d",
      "Requirements": []
    },
    "rjson": {
      "Package": "rjson",
      "Version": "0.2.21",
      "Source": "Repository",
      "Repository": "CRAN",
      "Hash": "f9da75e6444e95a1baf8ca24909d63b9",
      "Requirements": []
    },
    "rlang": {
      "Package": "rlang",
      "Version": "1.0.2.9000",
      "Source": "Repository",
      "Repository": "https://r-lib.r-universe.dev",
      "RemoteUrl": "https://github.com/r-lib/rlang",
      "RemoteRef": "HEAD",
      "RemoteSha": "22fe9e9d729d562fcfd580c7a350f56d7a864639",
      "Hash": "7896e531701d82970b228bbb46be7107",
      "Requirements": []
    },
    "rlist": {
      "Package": "rlist",
      "Version": "0.4.6.2",
      "Source": "Repository",
      "Repository": "CRAN",
      "Hash": "290c8ea0700d2e7258082d0025386e68",
      "Requirements": []
    },
    "rmarkdown": {
      "Package": "rmarkdown",
      "Version": "2.13",
      "Source": "Repository",
      "Repository": "CRAN",
      "Hash": "ac78f4d2e0289d4cba73b88af567b8b1",
      "Requirements": []
    },
    "roxygen2": {
      "Package": "roxygen2",
      "Version": "7.1.2.9000",
      "Source": "Repository",
      "Repository": "https://r-lib.r-universe.dev",
      "RemoteType": "repository",
      "RemoteUrl": "https://github.com/r-lib/roxygen2",
      "RemoteRef": "HEAD",
      "RemoteSha": "7b706c9f7f2e4227c98928a67c5dcb51d88ec15d",
      "Hash": "c7b928fb3d8eead98e4b313f42d14ecd",
      "Requirements": []
    },
    "rprojroot": {
      "Package": "rprojroot",
      "Version": "2.0.2.9000",
      "Source": "Repository",
      "Repository": "https://r-lib.r-universe.dev",
      "RemoteUrl": "https://github.com/r-lib/rprojroot",
      "RemoteRef": "HEAD",
      "RemoteSha": "4ab5139cf50296a8b08e2340c21c84536dbbf192",
      "Hash": "6653e4f84c42596eba4fd786080cc1f0",
      "Requirements": []
    },
    "rstudioapi": {
      "Package": "rstudioapi",
      "Version": "0.13",
      "Source": "Repository",
      "Repository": "CRAN",
      "Hash": "06c85365a03fdaf699966cc1d3cf53ea",
      "Requirements": []
    },
    "rvest": {
      "Package": "rvest",
      "Version": "1.0.2",
      "Source": "Repository",
      "Repository": "CRAN",
      "Hash": "bb099886deffecd6f9b298b7d4492943",
      "Requirements": []
    },
    "sass": {
      "Package": "sass",
      "Version": "0.4.0",
      "Source": "Repository",
      "Repository": "CRAN",
      "Hash": "50cf822feb64bb3977bda0b7091be623",
      "Requirements": []
    },
    "scales": {
      "Package": "scales",
      "Version": "1.1.1.9000",
      "Source": "Repository",
      "Repository": "https://r-lib.r-universe.dev",
      "RemoteType": "repository",
      "RemoteUrl": "https://github.com/r-lib/scales",
      "RemoteRef": "HEAD",
      "RemoteSha": "13b01f0778204f03a64125c696a5ad86eda1bbbb",
      "Hash": "ce9290560a31d537f2a765a1d4566c30",
      "Requirements": []
    },
    "selectr": {
      "Package": "selectr",
      "Version": "0.4-2",
      "Source": "Repository",
      "Repository": "CRAN",
      "Hash": "3838071b66e0c566d55cc26bd6e27bf4",
      "Requirements": []
    },
    "servr": {
      "Package": "servr",
      "Version": "0.24.1",
      "Source": "Repository",
      "Repository": "https://yihui.r-universe.dev",
      "RemoteType": "repository",
      "RemoteUrl": "https://github.com/yihui/servr",
      "RemoteRef": "HEAD",
      "RemoteSha": "3d6a0170278e1fb6d2c632e0c00a84c775953007",
      "Hash": "26055b1d20cc16805ef5b8b0d59e1035",
      "Requirements": []
    },
    "shiny": {
      "Package": "shiny",
      "Version": "1.7.1",
      "Source": "Repository",
      "Repository": "CRAN",
      "Hash": "00344c227c7bd0ab5d78052c5d736c44",
      "Requirements": []
    },
    "sourcetools": {
      "Package": "sourcetools",
      "Version": "0.1.7",
      "Source": "Repository",
      "Repository": "CRAN",
      "Hash": "947e4e02a79effa5d512473e10f41797",
      "Requirements": []
    },
    "spelling": {
      "Package": "spelling",
      "Version": "2.2.1",
      "Source": "Repository",
      "Repository": "https://ropensci.r-universe.dev",
      "RemoteType": "repository",
      "RemoteUrl": "https://github.com/ropensci/spelling",
      "RemoteRef": "master",
      "RemoteSha": "bb3ef3661b8576bc4162d729a6ac7345ff55536f",
      "Hash": "186a20ec3d01871b02f331c235716374",
      "Requirements": []
    },
    "stringi": {
      "Package": "stringi",
      "Version": "1.7.6",
      "Source": "Repository",
      "Repository": "CRAN",
      "Hash": "bba431031d30789535745a9627ac9271",
      "Requirements": []
    },
    "stringr": {
      "Package": "stringr",
      "Version": "1.4.0",
      "Source": "Repository",
      "Repository": "CRAN",
      "Hash": "0759e6b6c0957edb1311028a49a35e76",
      "Requirements": []
    },
    "svglite": {
      "Package": "svglite",
      "Version": "2.1.0.9000",
      "Source": "Repository",
      "Repository": "https://r-lib.r-universe.dev",
      "RemoteType": "repository",
      "RemoteUrl": "https://github.com/r-lib/svglite",
      "RemoteRef": "HEAD",
      "RemoteSha": "8e66eac364b5c5c9cbd06135bdeb1dbb963b4320",
      "Hash": "5a2e3883a50971b4210453ef33a1f083",
      "Requirements": []
    },
    "sys": {
      "Package": "sys",
      "Version": "3.4",
      "Source": "Repository",
      "Repository": "CRAN",
      "Hash": "b227d13e29222b4574486cfcbde077fa",
      "Requirements": []
    },
    "systemfonts": {
      "Package": "systemfonts",
      "Version": "1.0.4.9000",
      "Source": "Repository",
      "Repository": "https://r-lib.r-universe.dev",
      "RemoteType": "repository",
      "RemoteUrl": "https://github.com/r-lib/systemfonts",
      "RemoteRef": "HEAD",
      "RemoteSha": "f5dfe158a5ab693474aabf4e1e91a21646335d19",
      "Hash": "150985c753d6851731dd282d1b843113",
      "Requirements": []
    },
    "tabulizer": {
      "Package": "tabulizer",
      "Version": "0.2.2",
      "Source": "Repository",
      "Repository": "CRAN",
      "Hash": "3185156f8249ee6dad0af5a9cd7f39a7",
      "Requirements": []
    },
    "tabulizerjars": {
      "Package": "tabulizerjars",
      "Version": "1.0.1",
      "Source": "Repository",
      "Repository": "CRAN",
      "RemoteType": "repository",
      "RemoteUrl": "https://github.com/ropensci/tabulizerjars",
      "RemoteRef": "HEAD",
      "RemoteSha": "d1924e01db15b75251e4eb8f558e6e1a81e1c270",
      "Hash": "bccfbb6cce94a25fb8adfd04d414e3d2",
      "Requirements": []
    },
    "testthat": {
      "Package": "testthat",
      "Version": "3.1.3",
      "Source": "Repository",
      "Repository": "https://r-lib.r-universe.dev",
      "RemoteType": "repository",
      "RemoteUrl": "https://github.com/r-lib/testthat",
      "RemoteRef": "HEAD",
      "RemoteSha": "22a68dd85b65c95173424760a78955b6c55f3848",
      "Hash": "ecd84fee9f4b0c13a6dd709858ee1193",
      "Requirements": []
    },
    "textshaping": {
      "Package": "textshaping",
      "Version": "0.3.6.9000",
      "Source": "Repository",
      "Repository": "https://r-lib.r-universe.dev",
      "RemoteType": "repository",
      "RemoteUrl": "https://github.com/r-lib/textshaping",
      "RemoteRef": "HEAD",
      "RemoteSha": "8d281eaed889fc9f22cea70513adb3db4214e5a6",
      "Hash": "2a36ff2761826d3a13a3d490ca1b65c3",
      "Requirements": []
    },
    "tibble": {
      "Package": "tibble",
      "Version": "3.1.6",
      "Source": "Repository",
      "Repository": "CRAN",
      "Hash": "8a8f02d1934dfd6431c671361510dd0b",
      "Requirements": []
    },
    "tidyr": {
      "Package": "tidyr",
      "Version": "1.2.0",
      "Source": "Repository",
      "Repository": "CRAN",
      "Hash": "d8b95b7fee945d7da6888cf7eb71a49c",
      "Requirements": []
    },
    "tidyselect": {
      "Package": "tidyselect",
      "Version": "1.1.2",
      "Source": "Repository",
      "Repository": "CRAN",
      "Hash": "17f6da8cfd7002760a859915ce7eef8f",
      "Requirements": []
    },
    "tinytex": {
      "Package": "tinytex",
      "Version": "0.37.2",
      "Source": "Repository",
      "Repository": "https://yihui.r-universe.dev",
      "RemoteUrl": "https://github.com/yihui/tinytex",
      "RemoteRef": "HEAD",
      "RemoteSha": "9e276b95a85b692a41181459ac8f60c9d79fec4e",
      "Hash": "d90710a0f2dd7a34b5715ded6a54d55a",
      "Requirements": []
    },
    "tufte": {
      "Package": "tufte",
      "Version": "0.12",
      "Source": "Repository",
      "Repository": "CRAN",
      "Hash": "c291ba0e4194e339f7d04cd6b013f223",
      "Requirements": []
    },
    "tzdb": {
      "Package": "tzdb",
      "Version": "0.2.0.9000",
      "Source": "Repository",
      "Repository": "https://r-lib.r-universe.dev",
      "RemoteType": "repository",
      "RemoteUrl": "https://github.com/r-lib/tzdb",
      "RemoteRef": "HEAD",
      "RemoteSha": "acb04d177fc7344ad09b2c275b950264fea6c194",
      "Hash": "e9e3f342d761379b98fcb8c792484baa",
      "Requirements": []
    },
    "usethis": {
      "Package": "usethis",
      "Version": "2.1.5.9000",
      "Source": "Repository",
      "Repository": "https://r-lib.r-universe.dev",
      "RemoteType": "repository",
      "RemoteUrl": "https://github.com/r-lib/usethis",
      "RemoteRef": "HEAD",
      "RemoteSha": "a545714f8f94e916bbd52e007092b149dda1db79",
      "Hash": "76672684522b5cc293268bed3d28ab8b",
      "Requirements": []
    },
    "utf8": {
      "Package": "utf8",
      "Version": "1.2.2",
      "Source": "Repository",
      "Repository": "CRAN",
      "Hash": "c9c462b759a5cc844ae25b5942654d13",
      "Requirements": []
    },
    "vctrs": {
      "Package": "vctrs",
      "Version": "0.3.8.9001",
      "Source": "Repository",
      "Repository": "https://r-lib.r-universe.dev",
      "RemoteUrl": "https://github.com/r-lib/vctrs",
      "RemoteRef": "HEAD",
      "RemoteSha": "7260d31a31b87ece16c7bbda3521e91d1c0f242f",
      "Hash": "653705e8ba41126fbf9e301e7e5aa2d5",
      "Requirements": []
    },
    "viridisLite": {
      "Package": "viridisLite",
      "Version": "0.4.0",
      "Source": "Repository",
      "Repository": "CRAN",
      "Hash": "55e157e2aa88161bdb0754218470d204",
      "Requirements": []
    },
    "vroom": {
      "Package": "vroom",
      "Version": "1.5.7.9000",
      "Source": "Repository",
      "Repository": "https://r-lib.r-universe.dev",
      "RemoteType": "repository",
      "RemoteUrl": "https://github.com/r-lib/vroom",
      "RemoteRef": "HEAD",
      "RemoteSha": "d91f2aaafe8093c1a0ead2bb280bd46f20bd92d5",
      "Hash": "9130d40e7cbf382c28553eb64f1183fa",
      "Requirements": []
    },
    "waldo": {
      "Package": "waldo",
      "Version": "0.4.0.9000",
      "Source": "Repository",
      "Repository": "https://r-lib.r-universe.dev",
      "RemoteUrl": "https://github.com/r-lib/waldo",
      "RemoteRef": "HEAD",
      "RemoteSha": "8e25d6f531e99c8e542e22c3d86698f25ac356e5",
      "Hash": "7bae5081832190dcbb407446cc323e39",
      "Requirements": []
    },
    "webshot": {
      "Package": "webshot",
      "Version": "0.5.2",
      "Source": "Repository",
      "Repository": "CRAN",
      "Hash": "e99d80ad34457a4853674e89d5e806de",
      "Requirements": []
    },
    "websocket": {
      "Package": "websocket",
      "Version": "1.4.1",
      "Source": "Repository",
      "Repository": "CRAN",
      "Hash": "76e0d400757e318cca33def29ccebbc2",
      "Requirements": []
    },
    "whisker": {
      "Package": "whisker",
      "Version": "0.4",
      "Source": "Repository",
      "Repository": "CRAN",
      "Hash": "ca970b96d894e90397ed20637a0c1bbe",
      "Requirements": []
    },
    "withr": {
      "Package": "withr",
      "Version": "2.5.0.9000",
      "Source": "Repository",
      "Repository": "https://r-lib.r-universe.dev",
      "RemoteUrl": "https://github.com/r-lib/withr",
      "RemoteRef": "HEAD",
      "RemoteSha": "a4e08dbca3d29224311bb1c1c4cb599006f215bf",
      "Hash": "7ad25164bc1af384f6fa6450a2f89a94",
      "Requirements": []
    },
    "xaringan": {
      "Package": "xaringan",
      "Version": "0.23.4",
      "Source": "Repository",
      "Repository": "https://yihui.r-universe.dev",
      "RemoteUrl": "https://github.com/yihui/xaringan",
      "RemoteRef": "HEAD",
      "RemoteSha": "2ad2a6d7c78cbca919d1687765c118a8e8c4e5ea",
      "Hash": "f76df25cd0e27f554169d4662da2649a",
      "Requirements": []
    },
    "xfun": {
      "Package": "xfun",
      "Version": "0.30.3",
      "Source": "Repository",
      "Repository": "https://yihui.r-universe.dev",
      "RemoteUrl": "https://github.com/yihui/xfun",
      "RemoteRef": "HEAD",
      "RemoteSha": "5557263bfd064efcfe7f241f094f8e5b73e427c8",
      "Hash": "1bbad09264d1142f2d9ad3a42787d9b5",
      "Requirements": []
    },
    "xml2": {
      "Package": "xml2",
      "Version": "1.3.3.9000",
      "Source": "Repository",
      "Repository": "https://r-lib.r-universe.dev",
      "RemoteType": "repository",
      "RemoteUrl": "https://github.com/r-lib/xml2",
      "RemoteRef": "HEAD",
      "RemoteSha": "f0a0f35d22cb8fe93926e67dbe5c3f9563d16e54",
      "Hash": "f64a5f5676cdb7e473369e60cf0fb079",
      "Requirements": []
    },
    "xtable": {
      "Package": "xtable",
      "Version": "1.8-4",
      "Source": "Repository",
      "Repository": "CRAN",
      "Hash": "b8acdf8af494d9ec19ccb2481a9b11c2",
      "Requirements": []
    },
    "xts": {
      "Package": "xts",
      "Version": "0.12.1",
      "Source": "Repository",
      "Repository": "CRAN",
      "Hash": "ca2fd4ad8ef78cca3aa2b30f992798a8",
      "Requirements": []
    },
    "yaml": {
      "Package": "yaml",
      "Version": "2.3.5",
      "Source": "Repository",
      "Repository": "CRAN",
      "Hash": "458bb38374d73bf83b1bb85e353da200",
      "Requirements": []
    },
    "zip": {
      "Package": "zip",
      "Version": "2.2.0.9000",
      "Source": "Repository",
      "Repository": "https://r-lib.r-universe.dev",
      "RemoteType": "repository",
      "RemoteUrl": "https://github.com/r-lib/zip",
      "RemoteRef": "HEAD",
      "RemoteSha": "dd2253bc9e2c338d84e88263cc25887adb33eec7",
      "Hash": "81d2524642daf1d62a6ed2a5662ad558",
      "Requirements": []
    },
    "zoo": {
      "Package": "zoo",
      "Version": "1.8-9",
      "Source": "Repository",
      "Repository": "CRAN",
      "Hash": "035d1c7c12593038c26fb1c2fd40c4d2",
      "Requirements": []
    }
  }
}
